
Microsoft Visual Studio Solution File, Format Version 12.00
# Visual Studio Version 16
VisualStudioVersion = 16.0.29519.181
MinimumVisualStudioVersion = 10.0.40219.1
Project("{FAE04EC0-301F-11D3-BF4B-00C04F79EFBC}") = "K.YasinABLAY_Odev1", "K.YasinABLAY_Odev1\K.YasinABLAY_Odev1.csproj", "{97262383-6056-4887-A6C6-0C7CE9F04AD4}"
EndProject
Global
	GlobalSection(SolutionConfigurationPlatforms) = preSolution
		Debug|Any CPU = Debug|Any CPU
		Release|Any CPU = Release|Any CPU
	EndGlobalSection
	GlobalSection(ProjectConfigurationPlatforms) = postSolution
		{97262383-6056-4887-A6C6-0C7CE9F04AD4}.Debug|Any CPU.ActiveCfg = Debug|Any CPU
		{97262383-6056-4887-A6C6-0C7CE9F04AD4}.Debug|Any CPU.Build.0 = Debug|Any CPU
		{97262383-6056-4887-A6C6-0C7CE9F04AD4}.Release|Any CPU.ActiveCfg = Release|Any CPU
		{97262383-6056-4887-A6C6-0C7CE9F04AD4}.Release|Any CPU.Build.0 = Release|Any CPU
	EndGlobalSection
	GlobalSection(SolutionProperties) = preSolution
		HideSolutionNode = FALSE
	EndGlobalSection
	GlobalSection(ExtensibilityGlobals) = postSolution
		SolutionGuid = {79076F64-C656-49E4-9221-04DDBA58D99D}
	EndGlobalSection
EndGlobal
